<?xml version="1.0" encoding="UTF-8" standalone="yes" ?>
<CodeBlocks_project_file>
	<FileVersion major="1" minor="6" />
	<Project>
		<Option title="wh" />
		<Option pch_mode="2" />
		<Option compiler="gcc" />
		<Build>
			<Target title="Debug">
				<Option output="bin/Debug/wh" prefix_auto="1" extension_auto="1" />
				<Option object_output="obj/Debug/" />
				<Option type="1" />
				<Option compiler="gcc" />
				<Compiler>
					<Add option="-Wextra" />
					<Add option="-Wall" />
					<Add option="-std=c99" />
					<Add option="-g" />
					<Add option="-IC:/msys64/mingw64/bin/../include/glib-2.0 -IC:/msys64/mingw64/bin/../lib/glib-2.0/include -mms-bitfields -IC:/msys64/mingw64/bin/../include" />
					<Add directory="C:/msys64/mingw64/include/gsl" />
				</Compiler>
				<Linker>
					<Add option="-O2" />
					<Add option="-LC:/msys64/mingw64/bin/../lib -lglib-2.0 -lintl" />
					<Add library="gsl" />
				</Linker>
			</Target>
			<Target title="Release">
				<Option output="bin/Release/wh" prefix_auto="1" extension_auto="1" />
				<Option object_output="obj/Release/" />
				<Option type="1" />
				<Option compiler="gcc" />
				<Compiler>
					<Add option="-O2" />
					<Add option="-Wextra" />
					<Add option="-Wall" />
					<Add option="-std=c99" />
					<Add option="-IC:/msys64/mingw64/bin/../include/glib-2.0 -IC:/msys64/mingw64/bin/../lib/glib-2.0/include -mms-bitfields -IC:/msys64/mingw64/bin/../include" />
					<Add directory="C:/msys64/mingw64/include/gsl" />
				</Compiler>
				<Linker>
					<Add option="-s" />
					<Add option="-O2" />
					<Add option="-LC:/msys64/mingw64/bin/../lib -lglib-2.0 -lintl" />
					<Add library="gsl" />
				</Linker>
			</Target>
		</Build>
		<Compiler>
			<Add option="-Wall" />
		</Compiler>
		<Unit filename="csv.c">
			<Option compilerVar="CC" />
		</Unit>
		<Unit filename="equation.c">
			<Option compilerVar="CC" />
		</Unit>
		<Unit filename="header/csv.h" />
		<Unit filename="header/equation.h" />
		<Unit filename="header/numeric_integration.h" />
		<Unit filename="header/phi.h" />
		<Unit filename="header/tortoise.h" />
		<Unit filename="header/txt_data.h" />
		<Unit filename="header/ui.h" />
		<Unit filename="main.c">
			<Option compilerVar="CC" />
		</Unit>
		<Unit filename="phi.c">
			<Option compilerVar="CC" />
		</Unit>
		<Unit filename="tortoise.c">
			<Option compilerVar="CC" />
		</Unit>
		<Unit filename="txt_data.c">
			<Option compilerVar="CC" />
		</Unit>
		<Unit filename="ui.c">
			<Option compilerVar="CC" />
		</Unit>
		<Extensions />
	</Project>
</CodeBlocks_project_file>
